// !$*UTF8*$!
{
	archiveVersion = 1;
	classes = {
	};
	objectVersion = 50;
	objects = {

/* Begin PBXBuildFile section */
		B6B4BC54236199BD003A6AF4 /* FirstView.swift in Sources */ = {isa = PBXBuildFile; fileRef = B6B4BC52236199BD003A6AF4 /* FirstView.swift */; };
		B6B4BC55236199BD003A6AF4 /* CustomCell.swift in Sources */ = {isa = PBXBuildFile; fileRef = B6B4BC53236199BD003A6AF4 /* CustomCell.swift */; };
		B6B4BC6723619A94003A6AF4 /* FourthVC.swift in Sources */ = {isa = PBXBuildFile; fileRef = B6B4BC6223619A94003A6AF4 /* FourthVC.swift */; };
		B6B4BC6823619A94003A6AF4 /* FifthVC.swift in Sources */ = {isa = PBXBuildFile; fileRef = B6B4BC6323619A94003A6AF4 /* FifthVC.swift */; };
		B6B4BC6923619A94003A6AF4 /* SecondVC.swift in Sources */ = {isa = PBXBuildFile; fileRef = B6B4BC6423619A94003A6AF4 /* SecondVC.swift */; };
		B6B4BC6A23619A94003A6AF4 /* FirstVC.swift in Sources */ = {isa = PBXBuildFile; fileRef = B6B4BC6523619A94003A6AF4 /* FirstVC.swift */; };
		B6B4BC6B23619A94003A6AF4 /* ThirdVC.swift in Sources */ = {isa = PBXBuildFile; fileRef = B6B4BC6623619A94003A6AF4 /* ThirdVC.swift */; };
		B6CCE4A123644DAF000CB030 /* Playlists.swift in Sources */ = {isa = PBXBuildFile; fileRef = B6CCE4A023644DAF000CB030 /* Playlists.swift */; };
		B6CCE4A323644DC3000CB030 /* Artists.swift in Sources */ = {isa = PBXBuildFile; fileRef = B6CCE4A223644DC3000CB030 /* Artists.swift */; };
		B6CCE4A523644DD4000CB030 /* Albums.swift in Sources */ = {isa = PBXBuildFile; fileRef = B6CCE4A423644DD4000CB030 /* Albums.swift */; };
		B6CCE4A723644DE9000CB030 /* Songs.swift in Sources */ = {isa = PBXBuildFile; fileRef = B6CCE4A623644DE9000CB030 /* Songs.swift */; };
		B6E5BCCC235D5DF900571E49 /* AppDelegate.swift in Sources */ = {isa = PBXBuildFile; fileRef = B6E5BCCB235D5DF900571E49 /* AppDelegate.swift */; };
		B6E5BCCE235D5DF900571E49 /* SceneDelegate.swift in Sources */ = {isa = PBXBuildFile; fileRef = B6E5BCCD235D5DF900571E49 /* SceneDelegate.swift */; };
		B6E5BCD0235D5DF900571E49 /* ViewController.swift in Sources */ = {isa = PBXBuildFile; fileRef = B6E5BCCF235D5DF900571E49 /* ViewController.swift */; };
		B6E5BCD3235D5DF900571E49 /* Main.storyboard in Resources */ = {isa = PBXBuildFile; fileRef = B6E5BCD1235D5DF900571E49 /* Main.storyboard */; };
		B6E5BCD5235D5DFC00571E49 /* Assets.xcassets in Resources */ = {isa = PBXBuildFile; fileRef = B6E5BCD4235D5DFC00571E49 /* Assets.xcassets */; };
		B6E5BCD8235D5DFC00571E49 /* LaunchScreen.storyboard in Resources */ = {isa = PBXBuildFile; fileRef = B6E5BCD6235D5DFC00571E49 /* LaunchScreen.storyboard */; };
/* End PBXBuildFile section */

/* Begin PBXFileReference section */
		B6B4BC52236199BD003A6AF4 /* FirstView.swift */ = {isa = PBXFileReference; fileEncoding = 4; lastKnownFileType = sourcecode.swift; path = FirstView.swift; sourceTree = "<group>"; };
		B6B4BC53236199BD003A6AF4 /* CustomCell.swift */ = {isa = PBXFileReference; fileEncoding = 4; lastKnownFileType = sourcecode.swift; path = CustomCell.swift; sourceTree = "<group>"; };
		B6B4BC6223619A94003A6AF4 /* FourthVC.swift */ = {isa = PBXFileReference; fileEncoding = 4; lastKnownFileType = sourcecode.swift; path = FourthVC.swift; sourceTree = "<group>"; };
		B6B4BC6323619A94003A6AF4 /* FifthVC.swift */ = {isa = PBXFileReference; fileEncoding = 4; lastKnownFileType = sourcecode.swift; path = FifthVC.swift; sourceTree = "<group>"; };
		B6B4BC6423619A94003A6AF4 /* SecondVC.swift */ = {isa = PBXFileReference; fileEncoding = 4; lastKnownFileType = sourcecode.swift; path = SecondVC.swift; sourceTree = "<group>"; };
		B6B4BC6523619A94003A6AF4 /* FirstVC.swift */ = {isa = PBXFileReference; fileEncoding = 4; lastKnownFileType = sourcecode.swift; path = FirstVC.swift; sourceTree = "<group>"; };
		B6B4BC6623619A94003A6AF4 /* ThirdVC.swift */ = {isa = PBXFileReference; fileEncoding = 4; lastKnownFileType = sourcecode.swift; path = ThirdVC.swift; sourceTree = "<group>"; };
		B6CCE4A023644DAF000CB030 /* Playlists.swift */ = {isa = PBXFileReference; lastKnownFileType = sourcecode.swift; path = Playlists.swift; sourceTree = "<group>"; };
		B6CCE4A223644DC3000CB030 /* Artists.swift */ = {isa = PBXFileReference; lastKnownFileType = sourcecode.swift; path = Artists.swift; sourceTree = "<group>"; };
		B6CCE4A423644DD4000CB030 /* Albums.swift */ = {isa = PBXFileReference; lastKnownFileType = sourcecode.swift; path = Albums.swift; sourceTree = "<group>"; };
		B6CCE4A623644DE9000CB030 /* Songs.swift */ = {isa = PBXFileReference; lastKnownFileType = sourcecode.swift; path = Songs.swift; sourceTree = "<group>"; };
		B6E5BCC8235D5DF900571E49 /* iMusic.app */ = {isa = PBXFileReference; explicitFileType = wrapper.application; includeInIndex = 0; path = iMusic.app; sourceTree = BUILT_PRODUCTS_DIR; };
		B6E5BCCB235D5DF900571E49 /* AppDelegate.swift */ = {isa = PBXFileReference; lastKnownFileType = sourcecode.swift; path = AppDelegate.swift; sourceTree = "<group>"; };
		B6E5BCCD235D5DF900571E49 /* SceneDelegate.swift */ = {isa = PBXFileReference; lastKnownFileType = sourcecode.swift; path = SceneDelegate.swift; sourceTree = "<group>"; };
		B6E5BCCF235D5DF900571E49 /* ViewController.swift */ = {isa = PBXFileReference; lastKnownFileType = sourcecode.swift; path = ViewController.swift; sourceTree = "<group>"; };
		B6E5BCD2235D5DF900571E49 /* Base */ = {isa = PBXFileReference; lastKnownFileType = file.storyboard; name = Base; path = Base.lproj/Main.storyboard; sourceTree = "<group>"; };
		B6E5BCD4235D5DFC00571E49 /* Assets.xcassets */ = {isa = PBXFileReference; lastKnownFileType = folder.assetcatalog; path = Assets.xcassets; sourceTree = "<group>"; };
		B6E5BCD7235D5DFC00571E49 /* Base */ = {isa = PBXFileReference; lastKnownFileType = file.storyboard; name = Base; path = Base.lproj/LaunchScreen.storyboard; sourceTree = "<group>"; };
		B6E5BCD9235D5DFC00571E49 /* Info.plist */ = {isa = PBXFileReference; lastKnownFileType = text.plist.xml; path = Info.plist; sourceTree = "<group>"; };
/* End PBXFileReference section */

/* Begin PBXFrameworksBuildPhase section */
		B6E5BCC5235D5DF900571E49 /* Frameworks */ = {
			isa = PBXFrameworksBuildPhase;
			buildActionMask = 2147483647;
			files = (
			);
			runOnlyForDeploymentPostprocessing = 0;
		};
/* End PBXFrameworksBuildPhase section */

/* Begin PBXGroup section */
		B6CCE4A823644DF6000CB030 /* SubViews */ = {
			isa = PBXGroup;
			children = (
				B6CCE4A023644DAF000CB030 /* Playlists.swift */,
				B6CCE4A223644DC3000CB030 /* Artists.swift */,
				B6CCE4A423644DD4000CB030 /* Albums.swift */,
				B6CCE4A623644DE9000CB030 /* Songs.swift */,
			);
			path = SubViews;
			sourceTree = "<group>";
		};
		B6E5BCBF235D5DF900571E49 = {
			isa = PBXGroup;
			children = (
				B6E5BCCA235D5DF900571E49 /* iMusic */,
				B6E5BCC9235D5DF900571E49 /* Products */,
			);
			sourceTree = "<group>";
		};
		B6E5BCC9235D5DF900571E49 /* Products */ = {
			isa = PBXGroup;
			children = (
				B6E5BCC8235D5DF900571E49 /* iMusic.app */,
			);
			name = Products;
			sourceTree = "<group>";
		};
		B6E5BCCA235D5DF900571E49 /* iMusic */ = {
			isa = PBXGroup;
			children = (
				B6E5BCE5235D791A00571E49 /* Model */,
				B6E5BCE0235D784E00571E49 /* View */,
				B6E5BCDF235D77A300571E49 /* Control */,
				B6E5BCE2235D788D00571E49 /* Support */,
				B6E5BCD9235D5DFC00571E49 /* Info.plist */,
			);
			path = iMusic;
			sourceTree = "<group>";
		};
		B6E5BCDF235D77A300571E49 /* Control */ = {
			isa = PBXGroup;
			children = (
				B6B4BC6523619A94003A6AF4 /* FirstVC.swift */,
				B6B4BC6423619A94003A6AF4 /* SecondVC.swift */,
				B6B4BC6623619A94003A6AF4 /* ThirdVC.swift */,
				B6B4BC6223619A94003A6AF4 /* FourthVC.swift */,
				B6B4BC6323619A94003A6AF4 /* FifthVC.swift */,
				B6E5BCCF235D5DF900571E49 /* ViewController.swift */,
			);
			path = Control;
			sourceTree = "<group>";
		};
		B6E5BCE0235D784E00571E49 /* View */ = {
			isa = PBXGroup;
			children = (
				B6B4BC53236199BD003A6AF4 /* CustomCell.swift */,
				B6B4BC52236199BD003A6AF4 /* FirstView.swift */,
				B6CCE4A823644DF6000CB030 /* SubViews */,
			);
			path = View;
			sourceTree = "<group>";
		};
		B6E5BCE2235D788D00571E49 /* Support */ = {
			isa = PBXGroup;
			children = (
				B6E5BCCB235D5DF900571E49 /* AppDelegate.swift */,
				B6E5BCCD235D5DF900571E49 /* SceneDelegate.swift */,
				B6E5BCD1235D5DF900571E49 /* Main.storyboard */,
				B6E5BCD4235D5DFC00571E49 /* Assets.xcassets */,
				B6E5BCD6235D5DFC00571E49 /* LaunchScreen.storyboard */,
			);
			path = Support;
			sourceTree = "<group>";
		};
		B6E5BCE5235D791A00571E49 /* Model */ = {
			isa = PBXGroup;
			children = (
			);
			path = Model;
			sourceTree = "<group>";
		};
/* End PBXGroup section */

/* Begin PBXNativeTarget section */
		B6E5BCC7235D5DF900571E49 /* iMusic */ = {
			isa = PBXNativeTarget;
			buildConfigurationList = B6E5BCDC235D5DFC00571E49 /* Build configuration list for PBXNativeTarget "iMusic" */;
			buildPhases = (
				B6E5BCC4235D5DF900571E49 /* Sources */,
				B6E5BCC5235D5DF900571E49 /* Frameworks */,
				B6E5BCC6235D5DF900571E49 /* Resources */,
			);
			buildRules = (
			);
			dependencies = (
			);
			name = iMusic;
			productName = iMusic;
			productReference = B6E5BCC8235D5DF900571E49 /* iMusic.app */;
			productType = "com.apple.product-type.application";
		};
/* End PBXNativeTarget section */

/* Begin PBXProject section */
		B6E5BCC0235D5DF900571E49 /* Project object */ = {
			isa = PBXProject;
			attributes = {
				LastSwiftUpdateCheck = 1100;
				LastUpgradeCheck = 1100;
				ORGANIZATIONNAME = "黄宇杰";
				TargetAttributes = {
					B6E5BCC7235D5DF900571E49 = {
						CreatedOnToolsVersion = 11.0;
					};
				};
			};
			buildConfigurationList = B6E5BCC3235D5DF900571E49 /* Build configuration list for PBXProject "iMusic" */;
			compatibilityVersion = "Xcode 9.3";
			developmentRegion = en;
			hasScannedForEncodings = 0;
			knownRegions = (
				en,
				Base,
			);
			mainGroup = B6E5BCBF235D5DF900571E49;
			productRefGroup = B6E5BCC9235D5DF900571E49 /* Products */;
			projectDirPath = "";
			projectRoot = "";
			targets = (
				B6E5BCC7235D5DF900571E49 /* iMusic */,
			);
		};
/* End PBXProject section */

/* Begin PBXResourcesBuildPhase section */
		B6E5BCC6235D5DF900571E49 /* Resources */ = {
			isa = PBXResourcesBuildPhase;
			buildActionMask = 2147483647;
			files = (
				B6E5BCD8235D5DFC00571E49 /* LaunchScreen.storyboard in Resources */,
				B6E5BCD5235D5DFC00571E49 /* Assets.xcassets in Resources */,
				B6E5BCD3235D5DF900571E49 /* Main.storyboard in Resources */,
			);
			runOnlyForDeploymentPostprocessing = 0;
		};
/* End PBXResourcesBuildPhase section */

/* Begin PBXSourcesBuildPhase section */
		B6E5BCC4235D5DF900571E49 /* Sources */ = {
			isa = PBXSourcesBuildPhase;
			buildActionMask = 2147483647;
			files = (
				B6E5BCD0235D5DF900571E49 /* ViewController.swift in Sources */,
				B6B4BC54236199BD003A6AF4 /* FirstView.swift in Sources */,
				B6CCE4A323644DC3000CB030 /* Artists.swift in Sources */,
				B6B4BC6823619A94003A6AF4 /* FifthVC.swift in Sources */,
				B6B4BC6A23619A94003A6AF4 /* FirstVC.swift in Sources */,
				B6CCE4A523644DD4000CB030 /* Albums.swift in Sources */,
				B6B4BC6923619A94003A6AF4 /* SecondVC.swift in Sources */,
				B6B4BC6B23619A94003A6AF4 /* ThirdVC.swift in Sources */,
				B6E5BCCC235D5DF900571E49 /* AppDelegate.swift in Sources */,
				B6CCE4A123644DAF000CB030 /* Playlists.swift in Sources */,
				B6CCE4A723644DE9000CB030 /* Songs.swift in Sources */,
				B6B4BC55236199BD003A6AF4 /* CustomCell.swift in Sources */,
				B6B4BC6723619A94003A6AF4 /* FourthVC.swift in Sources */,
				B6E5BCCE235D5DF900571E49 /* SceneDelegate.swift in Sources */,
			);
			runOnlyForDeploymentPostprocessing = 0;
		};
/* End PBXSourcesBuildPhase section */

/* Begin PBXVariantGroup section */
		B6E5BCD1235D5DF900571E49 /* Main.storyboard */ = {
			isa = PBXVariantGroup;
			children = (
				B6E5BCD2235D5DF900571E49 /* Base */,
			);
			name = Main.storyboard;
			sourceTree = "<group>";
		};
		B6E5BCD6235D5DFC00571E49 /* LaunchScreen.storyboard */ = {
			isa = PBXVariantGroup;
			children = (
				B6E5BCD7235D5DFC00571E49 /* Base */,
			);
			name = LaunchScreen.storyboard;
			sourceTree = "<group>";
		};
/* End PBXVariantGroup section */

/* Begin XCBuildConfiguration section */
		B6E5BCDA235D5DFC00571E49 /* Debug */ = {
			isa = XCBuildConfiguration;
			buildSettings = {
				ALWAYS_SEARCH_USER_PATHS = NO;
				CLANG_ANALYZER_NONNULL = YES;
				CLANG_ANALYZER_NUMBER_OBJECT_CONVERSION = YES_AGGRESSIVE;
				CLANG_CXX_LANGUAGE_STANDARD = "gnu++14";
				CLANG_CXX_LIBRARY = "libc++";
				CLANG_ENABLE_MODULES = YES;
				CLANG_ENABLE_OBJC_ARC = YES;
				CLANG_ENABLE_OBJC_WEAK = YES;
				CLANG_WARN_BLOCK_CAPTURE_AUTORELEASING = YES;
				CLANG_WARN_BOOL_CONVERSION = YES;
				CLANG_WARN_COMMA = YES;
				CLANG_WARN_CONSTANT_CONVERSION = YES;
				CLANG_WARN_DEPRECATED_OBJC_IMPLEMENTATIONS = YES;
				CLANG_WARN_DIRECT_OBJC_ISA_USAGE = YES_ERROR;
				CLANG_WARN_DOCUMENTATION_COMMENTS = YES;
				CLANG_WARN_EMPTY_BODY = YES;
				CLANG_WARN_ENUM_CONVERSION = YES;
				CLANG_WARN_INFINITE_RECURSION = YES;
				CLANG_WARN_INT_CONVERSION = YES;
				CLANG_WARN_NON_LITERAL_NULL_CONVERSION = YES;
				CLANG_WARN_OBJC_IMPLICIT_RETAIN_SELF = YES;
				CLANG_WARN_OBJC_LITERAL_CONVERSION = YES;
				CLANG_WARN_OBJC_ROOT_CLASS = YES_ERROR;
				CLANG_WARN_RANGE_LOOP_ANALYSIS = YES;
				CLANG_WARN_STRICT_PROTOTYPES = YES;
				CLANG_WARN_SUSPICIOUS_MOVE = YES;
				CLANG_WARN_UNGUARDED_AVAILABILITY = YES_AGGRESSIVE;
				CLANG_WARN_UNREACHABLE_CODE = YES;
				CLANG_WARN__DUPLICATE_METHOD_MATCH = YES;
				COPY_PHASE_STRIP = NO;
				DEBUG_INFORMATION_FORMAT = dwarf;
				ENABLE_STRICT_OBJC_MSGSEND = YES;
				ENABLE_TESTABILITY = YES;
				GCC_C_LANGUAGE_STANDARD = gnu11;
				GCC_DYNAMIC_NO_PIC = NO;
				GCC_NO_COMMON_BLOCKS = YES;
				GCC_OPTIMIZATION_LEVEL = 0;
				GCC_PREPROCESSOR_DEFINITIONS = (
					"DEBUG=1",
					"$(inherited)",
				);
				GCC_WARN_64_TO_32_BIT_CONVERSION = YES;
				GCC_WARN_ABOUT_RETURN_TYPE = YES_ERROR;
				GCC_WARN_UNDECLARED_SELECTOR = YES;
				GCC_WARN_UNINITIALIZED_AUTOS = YES_AGGRESSIVE;
				GCC_WARN_UNUSED_FUNCTION = YES;
				GCC_WARN_UNUSED_VARIABLE = YES;
				IPHONEOS_DEPLOYMENT_TARGET = 13.0;
				MTL_ENABLE_DEBUG_INFO = INCLUDE_SOURCE;
				MTL_FAST_MATH = YES;
				ONLY_ACTIVE_ARCH = YES;
				SDKROOT = iphoneos;
				SWIFT_ACTIVE_COMPILATION_CONDITIONS = DEBUG;
				SWIFT_OPTIMIZATION_LEVEL = "-Onone";
			};
			name = Debug;
		};
		B6E5BCDB235D5DFC00571E49 /* Release */ = {
			isa = XCBuildConfiguration;
			buildSettings = {
				ALWAYS_SEARCH_USER_PATHS = NO;
				CLANG_ANALYZER_NONNULL = YES;
				CLANG_ANALYZER_NUMBER_OBJECT_CONVERSION = YES_AGGRESSIVE;
				CLANG_CXX_LANGUAGE_STANDARD = "gnu++14";
				CLANG_CXX_LIBRARY = "libc++";
				CLANG_ENABLE_MODULES = YES;
				CLANG_ENABLE_OBJC_ARC = YES;
				CLANG_ENABLE_OBJC_WEAK = YES;
				CLANG_WARN_BLOCK_CAPTURE_AUTORELEASING = YES;
				CLANG_WARN_BOOL_CONVERSION = YES;
				CLANG_WARN_COMMA = YES;
				CLANG_WARN_CONSTANT_CONVERSION = YES;
				CLANG_WARN_DEPRECATED_OBJC_IMPLEMENTATIONS = YES;
				CLANG_WARN_DIRECT_OBJC_ISA_USAGE = YES_ERROR;
				CLANG_WARN_DOCUMENTATION_COMMENTS = YES;
				CLANG_WARN_EMPTY_BODY = YES;
				CLANG_WARN_ENUM_CONVERSION = YES;
				CLANG_WARN_INFINITE_RECURSION = YES;
				CLANG_WARN_INT_CONVERSION = YES;
				CLANG_WARN_NON_LITERAL_NULL_CONVERSION = YES;
				CLANG_WARN_OBJC_IMPLICIT_RETAIN_SELF = YES;
				CLANG_WARN_OBJC_LITERAL_CONVERSION = YES;
				CLANG_WARN_OBJC_ROOT_CLASS = YES_ERROR;
				CLANG_WARN_RANGE_LOOP_ANALYSIS = YES;
				CLANG_WARN_STRICT_PROTOTYPES = YES;
				CLANG_WARN_SUSPICIOUS_MOVE = YES;
				CLANG_WARN_UNGUARDED_AVAILABILITY = YES_AGGRESSIVE;
				CLANG_WARN_UNREACHABLE_CODE = YES;
				CLANG_WARN__DUPLICATE_METHOD_MATCH = YES;
				COPY_PHASE_STRIP = NO;
				DEBUG_INFORMATION_FORMAT = "dwarf-with-dsym";
				ENABLE_NS_ASSERTIONS = NO;
				ENABLE_STRICT_OBJC_MSGSEND = YES;
				GCC_C_LANGUAGE_STANDARD = gnu11;
				GCC_NO_COMMON_BLOCKS = YES;
				GCC_WARN_64_TO_32_BIT_CONVERSION = YES;
				GCC_WARN_ABOUT_RETURN_TYPE = YES_ERROR;
				GCC_WARN_UNDECLARED_SELECTOR = YES;
				GCC_WARN_UNINITIALIZED_AUTOS = YES_AGGRESSIVE;
				GCC_WARN_UNUSED_FUNCTION = YES;
				GCC_WARN_UNUSED_VARIABLE = YES;
				IPHONEOS_DEPLOYMENT_TARGET = 13.0;
				MTL_ENABLE_DEBUG_INFO = NO;
				MTL_FAST_MATH = YES;
				SDKROOT = iphoneos;
				SWIFT_COMPILATION_MODE = wholemodule;
				SWIFT_OPTIMIZATION_LEVEL = "-O";
				VALIDATE_PRODUCT = YES;
			};
			name = Release;
		};
		B6E5BCDD235D5DFC00571E49 /* Debug */ = {
			isa = XCBuildConfiguration;
			buildSettings = {
				ASSETCATALOG_COMPILER_APPICON_NAME = AppIcon;
				CODE_SIGN_STYLE = Automatic;
				DEVELOPMENT_TEAM = 967MGL4Y2Q;
				INFOPLIST_FILE = iMusic/Info.plist;
				LD_RUNPATH_SEARCH_PATHS = (
					"$(inherited)",
					"@executable_path/Frameworks",
				);
				PRODUCT_BUNDLE_IDENTIFIER = HuangYujie.iMusic;
				PRODUCT_NAME = "$(TARGET_NAME)";
				SWIFT_VERSION = 5.0;
				TARGETED_DEVICE_FAMILY = "1,2";
			};
			name = Debug;
		};
		B6E5BCDE235D5DFC00571E49 /* Release */ = {
			isa = XCBuildConfiguration;
			buildSettings = {
				ASSETCATALOG_COMPILER_APPICON_NAME = AppIcon;
				CODE_SIGN_STYLE = Automatic;
				DEVELOPMENT_TEAM = 967MGL4Y2Q;
				INFOPLIST_FILE = iMusic/Info.plist;
				LD_RUNPATH_SEARCH_PATHS = (
					"$(inherited)",
					"@executable_path/Frameworks",
				);
				PRODUCT_BUNDLE_IDENTIFIER = HuangYujie.iMusic;
				PRODUCT_NAME = "$(TARGET_NAME)";
				SWIFT_VERSION = 5.0;
				TARGETED_DEVICE_FAMILY = "1,2";
			};
			name = Release;
		};
/* End XCBuildConfiguration section */

/* Begin XCConfigurationList section */
		B6E5BCC3235D5DF900571E49 /* Build configuration list for PBXProject "iMusic" */ = {
			isa = XCConfigurationList;
			buildConfigurations = (
				B6E5BCDA235D5DFC00571E49 /* Debug */,
				B6E5BCDB235D5DFC00571E49 /* Release */,
			);
			defaultConfigurationIsVisible = 0;
			defaultConfigurationName = Release;
		};
		B6E5BCDC235D5DFC00571E49 /* Build configuration list for PBXNativeTarget "iMusic" */ = {
			isa = XCConfigurationList;
			buildConfigurations = (
				B6E5BCDD235D5DFC00571E49 /* Debug */,
				B6E5BCDE235D5DFC00571E49 /* Release */,
			);
			defaultConfigurationIsVisible = 0;
			defaultConfigurationName = Release;
		};
/* End XCConfigurationList section */
	};
	rootObject = B6E5BCC0235D5DF900571E49 /* Project object */;
}
